
Microsoft Visual Studio Solution File, Format Version 12.00
# Visual Studio 15
VisualStudioVersion = 15.0.28307.168
MinimumVisualStudioVersion = 10.0.40219.1
Project("{FAE04EC0-301F-11D3-BF4B-00C04F79EFBC}") = "SweepstakesProject", "SweepStakes\SweepstakesProject.csproj", "{CC8DA7B9-9244-4E5B-B615-E63748BA7FCF}"
EndProject
Global
	GlobalSection(SolutionConfigurationPlatforms) = preSolution
		Debug|Any CPU = Debug|Any CPU
		Release|Any CPU = Release|Any CPU
	EndGlobalSection
	GlobalSection(ProjectConfigurationPlatforms) = postSolution
		{CC8DA7B9-9244-4E5B-B615-E63748BA7FCF}.Debug|Any CPU.ActiveCfg = Debug|Any CPU
		{CC8DA7B9-9244-4E5B-B615-E63748BA7FCF}.Debug|Any CPU.Build.0 = Debug|Any CPU
		{CC8DA7B9-9244-4E5B-B615-E63748BA7FCF}.Release|Any CPU.ActiveCfg = Release|Any CPU
		{CC8DA7B9-9244-4E5B-B615-E63748BA7FCF}.Release|Any CPU.Build.0 = Release|Any CPU
	EndGlobalSection
	GlobalSection(SolutionProperties) = preSolution
		HideSolutionNode = FALSE
	EndGlobalSection
	GlobalSection(ExtensibilityGlobals) = postSolution
		SolutionGuid = {0B6BCE8A-C203-442B-9FFA-58880FEBBDCE}
	EndGlobalSection
EndGlobal
